
Microsoft Visual Studio Solution File, Format Version 12.00
# Visual Studio Version 17
VisualStudioVersion = 17.10.35013.160
MinimumVisualStudioVersion = 10.0.40219.1
Project("{9A19103F-16F7-4668-BE54-9A1E7A4F7556}") = "DataAccess", "DataAccess\DataAccess.csproj", "{706D81F6-227F-4F20-8798-ABB50FAE94C7}"
EndProject
Project("{9A19103F-16F7-4668-BE54-9A1E7A4F7556}") = "Business", "Business\Business.csproj", "{0A85476A-62E0-4AC4-934D-687207D28307}"
EndProject
Project("{9A19103F-16F7-4668-BE54-9A1E7A4F7556}") = "Entities", "Entities\Entities.csproj", "{D81BE2CE-D335-49B4-9912-E4A4DCE8F3A9}"
EndProject
Project("{9A19103F-16F7-4668-BE54-9A1E7A4F7556}") = "ConsoleUI", "ConsoleUI\ConsoleUI.csproj", "{1F8579BF-B374-458F-8A91-1ECDDE6C14EC}"
EndProject
Project("{9A19103F-16F7-4668-BE54-9A1E7A4F7556}") = "Core", "Core\Core.csproj", "{CBB3751B-2E46-4A04-8C36-D7D7AC3931CF}"
EndProject
Project("{9A19103F-16F7-4668-BE54-9A1E7A4F7556}") = "WebAPI", "WebAPI\WebAPI.csproj", "{8D93FE55-62DD-49BE-BFC2-68B7BCB596C0}"
EndProject
Global
	GlobalSection(SolutionConfigurationPlatforms) = preSolution
		Debug|Any CPU = Debug|Any CPU
		Release|Any CPU = Release|Any CPU
	EndGlobalSection
	GlobalSection(ProjectConfigurationPlatforms) = postSolution
		{706D81F6-227F-4F20-8798-ABB50FAE94C7}.Debug|Any CPU.ActiveCfg = Debug|Any CPU
		{706D81F6-227F-4F20-8798-ABB50FAE94C7}.Debug|Any CPU.Build.0 = Debug|Any CPU
		{706D81F6-227F-4F20-8798-ABB50FAE94C7}.Release|Any CPU.ActiveCfg = Release|Any CPU
		{706D81F6-227F-4F20-8798-ABB50FAE94C7}.Release|Any CPU.Build.0 = Release|Any CPU
		{0A85476A-62E0-4AC4-934D-687207D28307}.Debug|Any CPU.ActiveCfg = Debug|Any CPU
		{0A85476A-62E0-4AC4-934D-687207D28307}.Debug|Any CPU.Build.0 = Debug|Any CPU
		{0A85476A-62E0-4AC4-934D-687207D28307}.Release|Any CPU.ActiveCfg = Release|Any CPU
		{0A85476A-62E0-4AC4-934D-687207D28307}.Release|Any CPU.Build.0 = Release|Any CPU
		{D81BE2CE-D335-49B4-9912-E4A4DCE8F3A9}.Debug|Any CPU.ActiveCfg = Debug|Any CPU
		{D81BE2CE-D335-49B4-9912-E4A4DCE8F3A9}.Debug|Any CPU.Build.0 = Debug|Any CPU
		{D81BE2CE-D335-49B4-9912-E4A4DCE8F3A9}.Release|Any CPU.ActiveCfg = Release|Any CPU
		{D81BE2CE-D335-49B4-9912-E4A4DCE8F3A9}.Release|Any CPU.Build.0 = Release|Any CPU
		{1F8579BF-B374-458F-8A91-1ECDDE6C14EC}.Debug|Any CPU.ActiveCfg = Debug|Any CPU
		{1F8579BF-B374-458F-8A91-1ECDDE6C14EC}.Debug|Any CPU.Build.0 = Debug|Any CPU
		{1F8579BF-B374-458F-8A91-1ECDDE6C14EC}.Release|Any CPU.ActiveCfg = Release|Any CPU
		{1F8579BF-B374-458F-8A91-1ECDDE6C14EC}.Release|Any CPU.Build.0 = Release|Any CPU
		{CBB3751B-2E46-4A04-8C36-D7D7AC3931CF}.Debug|Any CPU.ActiveCfg = Debug|Any CPU
		{CBB3751B-2E46-4A04-8C36-D7D7AC3931CF}.Debug|Any CPU.Build.0 = Debug|Any CPU
		{CBB3751B-2E46-4A04-8C36-D7D7AC3931CF}.Release|Any CPU.ActiveCfg = Release|Any CPU
		{CBB3751B-2E46-4A04-8C36-D7D7AC3931CF}.Release|Any CPU.Build.0 = Release|Any CPU
		{8D93FE55-62DD-49BE-BFC2-68B7BCB596C0}.Debug|Any CPU.ActiveCfg = Debug|Any CPU
		{8D93FE55-62DD-49BE-BFC2-68B7BCB596C0}.Debug|Any CPU.Build.0 = Debug|Any CPU
		{8D93FE55-62DD-49BE-BFC2-68B7BCB596C0}.Release|Any CPU.ActiveCfg = Release|Any CPU
		{8D93FE55-62DD-49BE-BFC2-68B7BCB596C0}.Release|Any CPU.Build.0 = Release|Any CPU
	EndGlobalSection
	GlobalSection(SolutionProperties) = preSolution
		HideSolutionNode = FALSE
	EndGlobalSection
	GlobalSection(ExtensibilityGlobals) = postSolution
		SolutionGuid = {B7A8FFC6-E879-4BDD-8FE7-3327BCFB5C01}
	EndGlobalSection
EndGlobal
